
Microsoft Visual Studio Solution File, Format Version 12.00
# Visual Studio Version 16
VisualStudioVersion = 16.0.31911.196
MinimumVisualStudioVersion = 10.0.40219.1
Project("{2150E333-8FDC-42A3-9474-1A3956D46DE8}") = "1 Presentation", "1 Presentation", "{4E3BCA68-763C-477A-BB53-BA2ED37A6C3C}"
EndProject
Project("{2150E333-8FDC-42A3-9474-1A3956D46DE8}") = "2 Application", "2 Application", "{7D4CDD2A-F237-4094-BF7C-02038C51A854}"
EndProject
Project("{2150E333-8FDC-42A3-9474-1A3956D46DE8}") = "3 Domain", "3 Domain", "{FA21BC33-F13A-4DD3-B3B2-037A1C0D93E0}"
EndProject
Project("{2150E333-8FDC-42A3-9474-1A3956D46DE8}") = "4 Infrastructure", "4 Infrastructure", "{F928652A-9FBE-4410-AB04-DCF5CD3D0F10}"
EndProject
Project("{2150E333-8FDC-42A3-9474-1A3956D46DE8}") = "5 Test", "5 Test", "{193B294F-EB1C-4D4E-B8A1-2005EFB7E740}"
EndProject
Project("{2150E333-8FDC-42A3-9474-1A3956D46DE8}") = "4.1 Data", "4.1 Data", "{D55577FB-7DE3-49B1-AD49-9723E5F2CE8D}"
EndProject
Project("{2150E333-8FDC-42A3-9474-1A3956D46DE8}") = "4.2 CrossCutting", "4.2 CrossCutting", "{F3B47264-42FF-4954-98BD-04A266D43EE6}"
EndProject
Project("{9A19103F-16F7-4668-BE54-9A1E7A4F7556}") = "MyEasyTicket.Domain", "MyEasyTicket.Domain\MyEasyTicket.Domain.csproj", "{22A04A42-DD7B-4BC4-8062-38A3FEA57AE4}"
EndProject
Project("{9A19103F-16F7-4668-BE54-9A1E7A4F7556}") = "MyEasyTicket.Business", "MyEasyTicket.Business\MyEasyTicket.Business.csproj", "{3219B3AE-D19B-4B79-B544-4AC4D3B66532}"
EndProject
Project("{9A19103F-16F7-4668-BE54-9A1E7A4F7556}") = "MyEasyTicket.Data", "MyEasyTicket.Data\MyEasyTicket.Data.csproj", "{20039036-531E-4A14-9FC2-7FCA59946BC3}"
EndProject
Project("{FAE04EC0-301F-11D3-BF4B-00C04F79EFBC}") = "MyEasyTicket.Test", "MyEasyTicket.Test\MyEasyTicket.Test.csproj", "{7E0A4251-A490-4C93-969C-4AD0AAED7B54}"
EndProject
Global
	GlobalSection(SolutionConfigurationPlatforms) = preSolution
		Debug|Any CPU = Debug|Any CPU
		Release|Any CPU = Release|Any CPU
	EndGlobalSection
	GlobalSection(ProjectConfigurationPlatforms) = postSolution
		{22A04A42-DD7B-4BC4-8062-38A3FEA57AE4}.Debug|Any CPU.ActiveCfg = Debug|Any CPU
		{22A04A42-DD7B-4BC4-8062-38A3FEA57AE4}.Debug|Any CPU.Build.0 = Debug|Any CPU
		{22A04A42-DD7B-4BC4-8062-38A3FEA57AE4}.Release|Any CPU.ActiveCfg = Release|Any CPU
		{22A04A42-DD7B-4BC4-8062-38A3FEA57AE4}.Release|Any CPU.Build.0 = Release|Any CPU
		{3219B3AE-D19B-4B79-B544-4AC4D3B66532}.Debug|Any CPU.ActiveCfg = Debug|Any CPU
		{3219B3AE-D19B-4B79-B544-4AC4D3B66532}.Debug|Any CPU.Build.0 = Debug|Any CPU
		{3219B3AE-D19B-4B79-B544-4AC4D3B66532}.Release|Any CPU.ActiveCfg = Release|Any CPU
		{3219B3AE-D19B-4B79-B544-4AC4D3B66532}.Release|Any CPU.Build.0 = Release|Any CPU
		{20039036-531E-4A14-9FC2-7FCA59946BC3}.Debug|Any CPU.ActiveCfg = Debug|Any CPU
		{20039036-531E-4A14-9FC2-7FCA59946BC3}.Debug|Any CPU.Build.0 = Debug|Any CPU
		{20039036-531E-4A14-9FC2-7FCA59946BC3}.Release|Any CPU.ActiveCfg = Release|Any CPU
		{20039036-531E-4A14-9FC2-7FCA59946BC3}.Release|Any CPU.Build.0 = Release|Any CPU
		{7E0A4251-A490-4C93-969C-4AD0AAED7B54}.Debug|Any CPU.ActiveCfg = Debug|Any CPU
		{7E0A4251-A490-4C93-969C-4AD0AAED7B54}.Debug|Any CPU.Build.0 = Debug|Any CPU
		{7E0A4251-A490-4C93-969C-4AD0AAED7B54}.Release|Any CPU.ActiveCfg = Release|Any CPU
		{7E0A4251-A490-4C93-969C-4AD0AAED7B54}.Release|Any CPU.Build.0 = Release|Any CPU
	EndGlobalSection
	GlobalSection(SolutionProperties) = preSolution
		HideSolutionNode = FALSE
	EndGlobalSection
	GlobalSection(NestedProjects) = preSolution
		{D55577FB-7DE3-49B1-AD49-9723E5F2CE8D} = {F928652A-9FBE-4410-AB04-DCF5CD3D0F10}
		{F3B47264-42FF-4954-98BD-04A266D43EE6} = {F928652A-9FBE-4410-AB04-DCF5CD3D0F10}
		{22A04A42-DD7B-4BC4-8062-38A3FEA57AE4} = {FA21BC33-F13A-4DD3-B3B2-037A1C0D93E0}
		{3219B3AE-D19B-4B79-B544-4AC4D3B66532} = {FA21BC33-F13A-4DD3-B3B2-037A1C0D93E0}
		{20039036-531E-4A14-9FC2-7FCA59946BC3} = {D55577FB-7DE3-49B1-AD49-9723E5F2CE8D}
		{7E0A4251-A490-4C93-969C-4AD0AAED7B54} = {193B294F-EB1C-4D4E-B8A1-2005EFB7E740}
	EndGlobalSection
	GlobalSection(ExtensibilityGlobals) = postSolution
		SolutionGuid = {4698E9A4-7647-458E-A911-6BF060B10724}
	EndGlobalSection
EndGlobal
